
Microsoft Visual Studio Solution File, Format Version 12.00
# Visual Studio Version 17
VisualStudioVersion = 17.8.34525.116
MinimumVisualStudioVersion = 10.0.40219.1
Project("{9A19103F-16F7-4668-BE54-9A1E7A4F7556}") = "Assignment02_OOP", "Assignment02-OOP\Assignment02_OOP.csproj", "{378201BD-5282-4879-8A49-1C86857E6369}"
EndProject
Project("{FAE04EC0-301F-11D3-BF4B-00C04F79EFBC}") = "Assignment01", "Assignment01\Assignment01.csproj", "{D2061C0C-B187-481F-B158-E93E67231718}"
EndProject
Project("{FAE04EC0-301F-11D3-BF4B-00C04F79EFBC}") = "TestProject", "TestProject\TestProject.csproj", "{B66B2333-68DF-49F5-AA6D-D770D4B2B812}"
EndProject
Global
	GlobalSection(SolutionConfigurationPlatforms) = preSolution
		Debug|Any CPU = Debug|Any CPU
		Release|Any CPU = Release|Any CPU
	EndGlobalSection
	GlobalSection(ProjectConfigurationPlatforms) = postSolution
		{378201BD-5282-4879-8A49-1C86857E6369}.Debug|Any CPU.ActiveCfg = Debug|Any CPU
		{378201BD-5282-4879-8A49-1C86857E6369}.Debug|Any CPU.Build.0 = Debug|Any CPU
		{378201BD-5282-4879-8A49-1C86857E6369}.Release|Any CPU.ActiveCfg = Release|Any CPU
		{378201BD-5282-4879-8A49-1C86857E6369}.Release|Any CPU.Build.0 = Release|Any CPU
		{D2061C0C-B187-481F-B158-E93E67231718}.Debug|Any CPU.ActiveCfg = Debug|Any CPU
		{D2061C0C-B187-481F-B158-E93E67231718}.Debug|Any CPU.Build.0 = Debug|Any CPU
		{D2061C0C-B187-481F-B158-E93E67231718}.Release|Any CPU.ActiveCfg = Release|Any CPU
		{D2061C0C-B187-481F-B158-E93E67231718}.Release|Any CPU.Build.0 = Release|Any CPU
		{B66B2333-68DF-49F5-AA6D-D770D4B2B812}.Debug|Any CPU.ActiveCfg = Debug|Any CPU
		{B66B2333-68DF-49F5-AA6D-D770D4B2B812}.Debug|Any CPU.Build.0 = Debug|Any CPU
		{B66B2333-68DF-49F5-AA6D-D770D4B2B812}.Release|Any CPU.ActiveCfg = Release|Any CPU
		{B66B2333-68DF-49F5-AA6D-D770D4B2B812}.Release|Any CPU.Build.0 = Release|Any CPU
	EndGlobalSection
	GlobalSection(SolutionProperties) = preSolution
		HideSolutionNode = FALSE
	EndGlobalSection
	GlobalSection(ExtensibilityGlobals) = postSolution
		SolutionGuid = {C7F19FAA-8A77-4408-AE4C-F873C979319A}
	EndGlobalSection
EndGlobal
